
Microsoft Visual Studio Solution File, Format Version 12.00
# Visual Studio Version 16
VisualStudioVersion = 16.0.30114.105
MinimumVisualStudioVersion = 10.0.40219.1
Project("{9A19103F-16F7-4668-BE54-9A1E7A4F7556}") = "mzports", "mzports\mzports.csproj", "{1DB78B75-7268-4D6F-B620-059F98BE4970}"
EndProject
Project("{9A19103F-16F7-4668-BE54-9A1E7A4F7556}") = "Communications", "Communications\Communications\Communications.csproj", "{D91B075F-00A7-4C14-A858-11FC499A6473}"
EndProject
Global
	GlobalSection(SolutionConfigurationPlatforms) = preSolution
		Debug|Any CPU = Debug|Any CPU
		Release|Any CPU = Release|Any CPU
	EndGlobalSection
	GlobalSection(ProjectConfigurationPlatforms) = postSolution
		{1DB78B75-7268-4D6F-B620-059F98BE4970}.Debug|Any CPU.ActiveCfg = Debug|Any CPU
		{1DB78B75-7268-4D6F-B620-059F98BE4970}.Debug|Any CPU.Build.0 = Debug|Any CPU
		{1DB78B75-7268-4D6F-B620-059F98BE4970}.Release|Any CPU.ActiveCfg = Release|Any CPU
		{1DB78B75-7268-4D6F-B620-059F98BE4970}.Release|Any CPU.Build.0 = Release|Any CPU
		{D91B075F-00A7-4C14-A858-11FC499A6473}.Debug|Any CPU.ActiveCfg = Debug|Any CPU
		{D91B075F-00A7-4C14-A858-11FC499A6473}.Debug|Any CPU.Build.0 = Debug|Any CPU
		{D91B075F-00A7-4C14-A858-11FC499A6473}.Release|Any CPU.ActiveCfg = Release|Any CPU
		{D91B075F-00A7-4C14-A858-11FC499A6473}.Release|Any CPU.Build.0 = Release|Any CPU
	EndGlobalSection
	GlobalSection(SolutionProperties) = preSolution
		HideSolutionNode = FALSE
	EndGlobalSection
	GlobalSection(ExtensibilityGlobals) = postSolution
		SolutionGuid = {5DAA6496-B6FE-48FB-8503-D888C5CBA507}
	EndGlobalSection
EndGlobal
